
Microsoft Visual Studio Solution File, Format Version 12.00
# Visual Studio Version 17
VisualStudioVersion = 17.5.002.0
MinimumVisualStudioVersion = 10.0.40219.1
Project("{9A19103F-16F7-4668-BE54-9A1E7A4F7556}") = "BackgroundRemover", "BackgroundRemover\BackgroundRemover.csproj", "{134DF8C3-F0C6-4B0E-952C-02F93FFD50AA}"
EndProject
Global
	GlobalSection(SolutionConfigurationPlatforms) = preSolution
		Debug|Any CPU = Debug|Any CPU
		Release|Any CPU = Release|Any CPU
	EndGlobalSection
	GlobalSection(ProjectConfigurationPlatforms) = postSolution
		{134DF8C3-F0C6-4B0E-952C-02F93FFD50AA}.Debug|Any CPU.ActiveCfg = Debug|Any CPU
		{134DF8C3-F0C6-4B0E-952C-02F93FFD50AA}.Debug|Any CPU.Build.0 = Debug|Any CPU
		{134DF8C3-F0C6-4B0E-952C-02F93FFD50AA}.Release|Any CPU.ActiveCfg = Release|Any CPU
		{134DF8C3-F0C6-4B0E-952C-02F93FFD50AA}.Release|Any CPU.Build.0 = Release|Any CPU
	EndGlobalSection
	GlobalSection(SolutionProperties) = preSolution
		HideSolutionNode = FALSE
	EndGlobalSection
	GlobalSection(ExtensibilityGlobals) = postSolution
		SolutionGuid = {1CF375F9-D062-4706-87A1-134A0C68E437}
	EndGlobalSection
EndGlobal
